
Microsoft Visual Studio Solution File, Format Version 12.00
# Visual Studio Version 16
VisualStudioVersion = 16.0.29613.14
MinimumVisualStudioVersion = 10.0.40219.1
Project("{FAE04EC0-301F-11D3-BF4B-00C04F79EFBC}") = "OLKI.Programme.ReFiDa", "OLKI.Programme.ReFiDa.csproj", "{C1E9077A-AB41-4A2E-B553-A5EA1E10F611}"
EndProject
Project("{FAE04EC0-301F-11D3-BF4B-00C04F79EFBC}") = "OLKI.Tools.CommonTools", "..\..\..\OLKI.Tools\CommonTools\repository\OLKI.Tools.CommonTools.csproj", "{EACF8CEE-E449-4591-AAF1-ECDDA827AD8A}"
EndProject
Global
	GlobalSection(SolutionConfigurationPlatforms) = preSolution
		Debug|Any CPU = Debug|Any CPU
		Release|Any CPU = Release|Any CPU
	EndGlobalSection
	GlobalSection(ProjectConfigurationPlatforms) = postSolution
		{C1E9077A-AB41-4A2E-B553-A5EA1E10F611}.Debug|Any CPU.ActiveCfg = Debug|Any CPU
		{C1E9077A-AB41-4A2E-B553-A5EA1E10F611}.Debug|Any CPU.Build.0 = Debug|Any CPU
		{C1E9077A-AB41-4A2E-B553-A5EA1E10F611}.Release|Any CPU.ActiveCfg = Release|Any CPU
		{C1E9077A-AB41-4A2E-B553-A5EA1E10F611}.Release|Any CPU.Build.0 = Release|Any CPU
		{EACF8CEE-E449-4591-AAF1-ECDDA827AD8A}.Debug|Any CPU.ActiveCfg = Debug|Any CPU
		{EACF8CEE-E449-4591-AAF1-ECDDA827AD8A}.Debug|Any CPU.Build.0 = Debug|Any CPU
		{EACF8CEE-E449-4591-AAF1-ECDDA827AD8A}.Release|Any CPU.ActiveCfg = Release|Any CPU
		{EACF8CEE-E449-4591-AAF1-ECDDA827AD8A}.Release|Any CPU.Build.0 = Release|Any CPU
	EndGlobalSection
	GlobalSection(SolutionProperties) = preSolution
		HideSolutionNode = FALSE
	EndGlobalSection
	GlobalSection(ExtensibilityGlobals) = postSolution
		SolutionGuid = {310C30EB-0687-4C0F-94A2-E1E1405E6F26}
	EndGlobalSection
EndGlobal
